
Microsoft Visual Studio Solution File, Format Version 12.00
# Visual Studio 15
VisualStudioVersion = 15.0.28307.1267
MinimumVisualStudioVersion = 10.0.40219.1
Project("{FAE04EC0-301F-11D3-BF4B-00C04F79EFBC}") = "GetBuffer", "GetBuffer\GetBuffer.csproj", "{CCF552FE-D9A2-47C3-92D6-81AFBD8D4C5B}"
EndProject
Project("{8BC9CEB8-8B4A-11D0-8D11-00A0C91BC942}") = "CDynamicLibGetbuffer", "CDynamicLibGetbuffer\CDynamicLibGetbuffer.vcxproj", "{DF1FE4B6-9DFD-4976-ABCE-44A97A24F956}"
EndProject
Project("{8BC9CEB8-8B4A-11D0-8D11-00A0C91BC942}") = "TestClib", "TestClib\TestClib.vcxproj", "{9EFBE708-D765-42ED-BE85-75EC099C780B}"
EndProject
Global
	GlobalSection(SolutionConfigurationPlatforms) = preSolution
		Debug|Any CPU = Debug|Any CPU
		Debug|x64 = Debug|x64
		Debug|x86 = Debug|x86
		Release|Any CPU = Release|Any CPU
		Release|x64 = Release|x64
		Release|x86 = Release|x86
	EndGlobalSection
	GlobalSection(ProjectConfigurationPlatforms) = postSolution
		{CCF552FE-D9A2-47C3-92D6-81AFBD8D4C5B}.Debug|Any CPU.ActiveCfg = Debug|Any CPU
		{CCF552FE-D9A2-47C3-92D6-81AFBD8D4C5B}.Debug|Any CPU.Build.0 = Debug|Any CPU
		{CCF552FE-D9A2-47C3-92D6-81AFBD8D4C5B}.Debug|x64.ActiveCfg = Debug|Any CPU
		{CCF552FE-D9A2-47C3-92D6-81AFBD8D4C5B}.Debug|x64.Build.0 = Debug|Any CPU
		{CCF552FE-D9A2-47C3-92D6-81AFBD8D4C5B}.Debug|x86.ActiveCfg = Debug|Any CPU
		{CCF552FE-D9A2-47C3-92D6-81AFBD8D4C5B}.Debug|x86.Build.0 = Debug|Any CPU
		{CCF552FE-D9A2-47C3-92D6-81AFBD8D4C5B}.Release|Any CPU.ActiveCfg = Release|Any CPU
		{CCF552FE-D9A2-47C3-92D6-81AFBD8D4C5B}.Release|Any CPU.Build.0 = Release|Any CPU
		{CCF552FE-D9A2-47C3-92D6-81AFBD8D4C5B}.Release|x64.ActiveCfg = Release|Any CPU
		{CCF552FE-D9A2-47C3-92D6-81AFBD8D4C5B}.Release|x64.Build.0 = Release|Any CPU
		{CCF552FE-D9A2-47C3-92D6-81AFBD8D4C5B}.Release|x86.ActiveCfg = Release|Any CPU
		{CCF552FE-D9A2-47C3-92D6-81AFBD8D4C5B}.Release|x86.Build.0 = Release|Any CPU
		{DF1FE4B6-9DFD-4976-ABCE-44A97A24F956}.Debug|Any CPU.ActiveCfg = Debug|x64
		{DF1FE4B6-9DFD-4976-ABCE-44A97A24F956}.Debug|x64.ActiveCfg = Debug|x64
		{DF1FE4B6-9DFD-4976-ABCE-44A97A24F956}.Debug|x64.Build.0 = Debug|x64
		{DF1FE4B6-9DFD-4976-ABCE-44A97A24F956}.Debug|x86.ActiveCfg = Debug|Win32
		{DF1FE4B6-9DFD-4976-ABCE-44A97A24F956}.Debug|x86.Build.0 = Debug|Win32
		{DF1FE4B6-9DFD-4976-ABCE-44A97A24F956}.Release|Any CPU.ActiveCfg = Release|Win32
		{DF1FE4B6-9DFD-4976-ABCE-44A97A24F956}.Release|x64.ActiveCfg = Release|x64
		{DF1FE4B6-9DFD-4976-ABCE-44A97A24F956}.Release|x64.Build.0 = Release|x64
		{DF1FE4B6-9DFD-4976-ABCE-44A97A24F956}.Release|x86.ActiveCfg = Release|Win32
		{DF1FE4B6-9DFD-4976-ABCE-44A97A24F956}.Release|x86.Build.0 = Release|Win32
		{9EFBE708-D765-42ED-BE85-75EC099C780B}.Debug|Any CPU.ActiveCfg = Debug|Win32
		{9EFBE708-D765-42ED-BE85-75EC099C780B}.Debug|x64.ActiveCfg = Debug|x64
		{9EFBE708-D765-42ED-BE85-75EC099C780B}.Debug|x64.Build.0 = Debug|x64
		{9EFBE708-D765-42ED-BE85-75EC099C780B}.Debug|x86.ActiveCfg = Debug|Win32
		{9EFBE708-D765-42ED-BE85-75EC099C780B}.Debug|x86.Build.0 = Debug|Win32
		{9EFBE708-D765-42ED-BE85-75EC099C780B}.Release|Any CPU.ActiveCfg = Release|Win32
		{9EFBE708-D765-42ED-BE85-75EC099C780B}.Release|x64.ActiveCfg = Release|x64
		{9EFBE708-D765-42ED-BE85-75EC099C780B}.Release|x64.Build.0 = Release|x64
		{9EFBE708-D765-42ED-BE85-75EC099C780B}.Release|x86.ActiveCfg = Release|Win32
		{9EFBE708-D765-42ED-BE85-75EC099C780B}.Release|x86.Build.0 = Release|Win32
	EndGlobalSection
	GlobalSection(SolutionProperties) = preSolution
		HideSolutionNode = FALSE
	EndGlobalSection
	GlobalSection(ExtensibilityGlobals) = postSolution
		SolutionGuid = {5F544152-C381-4DB1-964E-F370CF5171D9}
	EndGlobalSection
EndGlobal
