
Microsoft Visual Studio Solution File, Format Version 12.00
# Visual Studio 15
VisualStudioVersion = 15.0.28307.1169
MinimumVisualStudioVersion = 10.0.40219.1
Project("{FAE04EC0-301F-11D3-BF4B-00C04F79EFBC}") = "ConsoleApp1", "ConsoleApp1\ConsoleApp1.csproj", "{E6420CD5-DE40-43A6-987D-D10FCBDFA5B3}"
EndProject
Project("{FAE04EC0-301F-11D3-BF4B-00C04F79EFBC}") = "WindowsFormsApp1", "WindowsFormsApp1\WindowsFormsApp1.csproj", "{1FA07C24-1792-4E6E-A61A-94973096DE96}"
EndProject
Project("{FAE04EC0-301F-11D3-BF4B-00C04F79EFBC}") = "WpfApp1", "WpfApp1\WpfApp1.csproj", "{C2A36A5D-6628-41FF-9DCD-E79F50BCB0A6}"
EndProject
Project("{FAE04EC0-301F-11D3-BF4B-00C04F79EFBC}") = "WebApplication1", "WebApplication1\WebApplication1.csproj", "{6021BDD1-A815-4B82-B2A0-947180266DE9}"
EndProject
Project("{FAE04EC0-301F-11D3-BF4B-00C04F79EFBC}") = "WebApplication2_MVC", "WebApplication2_MVC\WebApplication2_MVC.csproj", "{A928692E-1698-414C-94E2-58B186E074FD}"
EndProject
Global
	GlobalSection(SolutionConfigurationPlatforms) = preSolution
		Debug|Any CPU = Debug|Any CPU
		Release|Any CPU = Release|Any CPU
	EndGlobalSection
	GlobalSection(ProjectConfigurationPlatforms) = postSolution
		{E6420CD5-DE40-43A6-987D-D10FCBDFA5B3}.Debug|Any CPU.ActiveCfg = Debug|Any CPU
		{E6420CD5-DE40-43A6-987D-D10FCBDFA5B3}.Debug|Any CPU.Build.0 = Debug|Any CPU
		{E6420CD5-DE40-43A6-987D-D10FCBDFA5B3}.Release|Any CPU.ActiveCfg = Release|Any CPU
		{E6420CD5-DE40-43A6-987D-D10FCBDFA5B3}.Release|Any CPU.Build.0 = Release|Any CPU
		{1FA07C24-1792-4E6E-A61A-94973096DE96}.Debug|Any CPU.ActiveCfg = Debug|Any CPU
		{1FA07C24-1792-4E6E-A61A-94973096DE96}.Debug|Any CPU.Build.0 = Debug|Any CPU
		{1FA07C24-1792-4E6E-A61A-94973096DE96}.Release|Any CPU.ActiveCfg = Release|Any CPU
		{1FA07C24-1792-4E6E-A61A-94973096DE96}.Release|Any CPU.Build.0 = Release|Any CPU
		{C2A36A5D-6628-41FF-9DCD-E79F50BCB0A6}.Debug|Any CPU.ActiveCfg = Debug|Any CPU
		{C2A36A5D-6628-41FF-9DCD-E79F50BCB0A6}.Debug|Any CPU.Build.0 = Debug|Any CPU
		{C2A36A5D-6628-41FF-9DCD-E79F50BCB0A6}.Release|Any CPU.ActiveCfg = Release|Any CPU
		{C2A36A5D-6628-41FF-9DCD-E79F50BCB0A6}.Release|Any CPU.Build.0 = Release|Any CPU
		{6021BDD1-A815-4B82-B2A0-947180266DE9}.Debug|Any CPU.ActiveCfg = Debug|Any CPU
		{6021BDD1-A815-4B82-B2A0-947180266DE9}.Debug|Any CPU.Build.0 = Debug|Any CPU
		{6021BDD1-A815-4B82-B2A0-947180266DE9}.Release|Any CPU.ActiveCfg = Release|Any CPU
		{6021BDD1-A815-4B82-B2A0-947180266DE9}.Release|Any CPU.Build.0 = Release|Any CPU
		{A928692E-1698-414C-94E2-58B186E074FD}.Debug|Any CPU.ActiveCfg = Debug|Any CPU
		{A928692E-1698-414C-94E2-58B186E074FD}.Debug|Any CPU.Build.0 = Debug|Any CPU
		{A928692E-1698-414C-94E2-58B186E074FD}.Release|Any CPU.ActiveCfg = Release|Any CPU
		{A928692E-1698-414C-94E2-58B186E074FD}.Release|Any CPU.Build.0 = Release|Any CPU
	EndGlobalSection
	GlobalSection(SolutionProperties) = preSolution
		HideSolutionNode = FALSE
	EndGlobalSection
	GlobalSection(ExtensibilityGlobals) = postSolution
		SolutionGuid = {B7F179E8-4B72-43D1-BD20-55213361AAB6}
	EndGlobalSection
EndGlobal
